
Microsoft Visual Studio Solution File, Format Version 11.00
# Visual Studio 2010
Project("{FAE04EC0-301F-11D3-BF4B-00C04F79EFBC}") = "CTRL_ShutDown", "CTRL_ShutDown\CTRL_ShutDown.csproj", "{F370F7BC-1B47-4CFB-9DFE-8CDB2C5F0491}"
EndProject
Global
	GlobalSection(SolutionConfigurationPlatforms) = preSolution
		Debug|x86 = Debug|x86
		Release|x86 = Release|x86
	EndGlobalSection
	GlobalSection(ProjectConfigurationPlatforms) = postSolution
		{F370F7BC-1B47-4CFB-9DFE-8CDB2C5F0491}.Debug|x86.ActiveCfg = Debug|x86
		{F370F7BC-1B47-4CFB-9DFE-8CDB2C5F0491}.Debug|x86.Build.0 = Debug|x86
		{F370F7BC-1B47-4CFB-9DFE-8CDB2C5F0491}.Release|x86.ActiveCfg = Release|x86
		{F370F7BC-1B47-4CFB-9DFE-8CDB2C5F0491}.Release|x86.Build.0 = Release|x86
	EndGlobalSection
	GlobalSection(SolutionProperties) = preSolution
		HideSolutionNode = FALSE
	EndGlobalSection
EndGlobal
